{
  "name": "shell",
  "version": "1.0.0",
  "lockfileVersion": 1,
  "requires": true,
  "dependencies": {
    "logging": {
      "version": "github:emumud/logging#629696af649b690098dc00bfd5a009bb0bef855f",
      "from": "github:emumud/logging"
    },
    "runner": {
      "version": "github:emumud/runner#e242646455e13791018c5c597d16073dbeaf7f7b",
      "from": "github:emumud/runner",
      "requires": {
        "logging": "github:emumud/logging",
        "scripts": "github:emumud/scripts#master",
        "transpiler": "github:emumud/transpiler#master"
      }
    },
    "scripts": {
      "version": "github:emumud/scripts#c794014cb0ddbbc31bf6475e9bd678e0109fb715",
      "from": "github:emumud/scripts#master",
      "requires": {
        "transpiler": "github:emumud/transpiler"
      },
      "dependencies": {
        "transpiler": {
          "version": "github:emumud/transpiler#d16bf737446835b1c672187e22a8ca9141d3fca5",
          "from": "github:emumud/transpiler"
        }
      }
    },
    "transpiler": {
      "version": "github:emumud/transpiler#d16bf737446835b1c672187e22a8ca9141d3fca5",
      "from": "github:emumud/transpiler#master"
    }
  }
}
